
Microsoft Visual Studio Solution File, Format Version 12.00
# Visual Studio Version 16
VisualStudioVersion = 16.0.29230.61
MinimumVisualStudioVersion = 10.0.40219.1
Project("{FAE04EC0-301F-11D3-BF4B-00C04F79EFBC}") = "mvc_exercise", "mvc_exercise.csproj", "{C1000081-02F6-468C-B0B6-67B954771A9D}"
EndProject
Global
	GlobalSection(SolutionConfigurationPlatforms) = preSolution
		Debug|Any CPU = Debug|Any CPU
		Release|Any CPU = Release|Any CPU
	EndGlobalSection
	GlobalSection(ProjectConfigurationPlatforms) = postSolution
		{C1000081-02F6-468C-B0B6-67B954771A9D}.Debug|Any CPU.ActiveCfg = Debug|Any CPU
		{C1000081-02F6-468C-B0B6-67B954771A9D}.Debug|Any CPU.Build.0 = Debug|Any CPU
		{C1000081-02F6-468C-B0B6-67B954771A9D}.Release|Any CPU.ActiveCfg = Release|Any CPU
		{C1000081-02F6-468C-B0B6-67B954771A9D}.Release|Any CPU.Build.0 = Release|Any CPU
	EndGlobalSection
	GlobalSection(SolutionProperties) = preSolution
		HideSolutionNode = FALSE
	EndGlobalSection
	GlobalSection(ExtensibilityGlobals) = postSolution
		SolutionGuid = {F887658C-82B3-4AB6-81AE-CB714D57EF45}
	EndGlobalSection
EndGlobal
